
Microsoft Visual Studio Solution File, Format Version 12.00
# Visual Studio 15
Project("{FAE04EC0-301F-11D3-BF4B-00C04F79EFBC}") = "FactoryDraw", "FactoryDraw\FactoryDraw.csproj", "{C5A2372D-BD26-4E5D-A464-643512F74780}"
EndProject
Global
	GlobalSection(SolutionConfigurationPlatforms) = preSolution
		Debug|x86 = Debug|x86
		Release|x86 = Release|x86
	EndGlobalSection
	GlobalSection(ProjectConfigurationPlatforms) = postSolution
		{C5A2372D-BD26-4E5D-A464-643512F74780}.Debug|x86.ActiveCfg = Debug|x86
		{C5A2372D-BD26-4E5D-A464-643512F74780}.Debug|x86.Build.0 = Debug|x86
		{C5A2372D-BD26-4E5D-A464-643512F74780}.Release|x86.ActiveCfg = Release|x86
		{C5A2372D-BD26-4E5D-A464-643512F74780}.Release|x86.Build.0 = Release|x86
	EndGlobalSection
EndGlobal
